
Microsoft Visual Studio Solution File, Format Version 12.00
# Visual Studio Version 16
VisualStudioVersion = 16.0.30225.117
MinimumVisualStudioVersion = 10.0.40219.1
Project("{FAE04EC0-301F-11D3-BF4B-00C04F79EFBC}") = "RCS_07.27_HW", "RCS_07.27_HW\RCS_07.27_HW.csproj", "{AD123A17-E86F-44B2-BF9A-3DFD1BDA8BC6}"
EndProject
Global
	GlobalSection(SolutionConfigurationPlatforms) = preSolution
		Debug|Any CPU = Debug|Any CPU
		Release|Any CPU = Release|Any CPU
	EndGlobalSection
	GlobalSection(ProjectConfigurationPlatforms) = postSolution
		{AD123A17-E86F-44B2-BF9A-3DFD1BDA8BC6}.Debug|Any CPU.ActiveCfg = Debug|Any CPU
		{AD123A17-E86F-44B2-BF9A-3DFD1BDA8BC6}.Debug|Any CPU.Build.0 = Debug|Any CPU
		{AD123A17-E86F-44B2-BF9A-3DFD1BDA8BC6}.Release|Any CPU.ActiveCfg = Release|Any CPU
		{AD123A17-E86F-44B2-BF9A-3DFD1BDA8BC6}.Release|Any CPU.Build.0 = Release|Any CPU
	EndGlobalSection
	GlobalSection(SolutionProperties) = preSolution
		HideSolutionNode = FALSE
	EndGlobalSection
	GlobalSection(ExtensibilityGlobals) = postSolution
		SolutionGuid = {7DC64654-80E4-4932-82E4-42D03A6FBC51}
	EndGlobalSection
EndGlobal
